
Microsoft Visual Studio Solution File, Format Version 12.00
# Visual Studio 15
Project("{FAE04EC0-301F-11D3-BF4B-00C04F79EFBC}") = "Assembly-CSharp-firstpass", "Assembly-CSharp-firstpass.csproj", "{D0900BD9-C188-8512-27FF-FB0E64D415DA}"
EndProject
Project("{FAE04EC0-301F-11D3-BF4B-00C04F79EFBC}") = "LeapMotion", "LeapMotion.csproj", "{268A20CD-20E5-1E32-B3FA-972BFAAB3374}"
EndProject
Project("{FAE04EC0-301F-11D3-BF4B-00C04F79EFBC}") = "LeapMotion.LeapCSharp", "LeapMotion.LeapCSharp.csproj", "{F41A8A12-7711-E1C1-1E81-2B4DBB12C3FD}"
EndProject
Project("{FAE04EC0-301F-11D3-BF4B-00C04F79EFBC}") = "Assembly-CSharp", "Assembly-CSharp.csproj", "{355C8251-B2F0-D510-0363-4B182BD5C220}"
EndProject
Project("{FAE04EC0-301F-11D3-BF4B-00C04F79EFBC}") = "Assembly-CSharp-Editor-firstpass", "Assembly-CSharp-Editor-firstpass.csproj", "{8689B4B2-4488-820E-B636-FBAA1BDC7630}"
EndProject
Global
	GlobalSection(SolutionConfigurationPlatforms) = preSolution
		Debug|Any CPU = Debug|Any CPU
		Release|Any CPU = Release|Any CPU
	EndGlobalSection
	GlobalSection(ProjectConfigurationPlatforms) = postSolution
		{D0900BD9-C188-8512-27FF-FB0E64D415DA}.Debug|Any CPU.ActiveCfg = Debug|Any CPU
		{D0900BD9-C188-8512-27FF-FB0E64D415DA}.Debug|Any CPU.Build.0 = Debug|Any CPU
		{D0900BD9-C188-8512-27FF-FB0E64D415DA}.Release|Any CPU.ActiveCfg = Release|Any CPU
		{D0900BD9-C188-8512-27FF-FB0E64D415DA}.Release|Any CPU.Build.0 = Release|Any CPU
		{268A20CD-20E5-1E32-B3FA-972BFAAB3374}.Debug|Any CPU.ActiveCfg = Debug|Any CPU
		{268A20CD-20E5-1E32-B3FA-972BFAAB3374}.Debug|Any CPU.Build.0 = Debug|Any CPU
		{268A20CD-20E5-1E32-B3FA-972BFAAB3374}.Release|Any CPU.ActiveCfg = Release|Any CPU
		{268A20CD-20E5-1E32-B3FA-972BFAAB3374}.Release|Any CPU.Build.0 = Release|Any CPU
		{F41A8A12-7711-E1C1-1E81-2B4DBB12C3FD}.Debug|Any CPU.ActiveCfg = Debug|Any CPU
		{F41A8A12-7711-E1C1-1E81-2B4DBB12C3FD}.Debug|Any CPU.Build.0 = Debug|Any CPU
		{F41A8A12-7711-E1C1-1E81-2B4DBB12C3FD}.Release|Any CPU.ActiveCfg = Release|Any CPU
		{F41A8A12-7711-E1C1-1E81-2B4DBB12C3FD}.Release|Any CPU.Build.0 = Release|Any CPU
		{355C8251-B2F0-D510-0363-4B182BD5C220}.Debug|Any CPU.ActiveCfg = Debug|Any CPU
		{355C8251-B2F0-D510-0363-4B182BD5C220}.Debug|Any CPU.Build.0 = Debug|Any CPU
		{355C8251-B2F0-D510-0363-4B182BD5C220}.Release|Any CPU.ActiveCfg = Release|Any CPU
		{355C8251-B2F0-D510-0363-4B182BD5C220}.Release|Any CPU.Build.0 = Release|Any CPU
		{8689B4B2-4488-820E-B636-FBAA1BDC7630}.Debug|Any CPU.ActiveCfg = Debug|Any CPU
		{8689B4B2-4488-820E-B636-FBAA1BDC7630}.Debug|Any CPU.Build.0 = Debug|Any CPU
		{8689B4B2-4488-820E-B636-FBAA1BDC7630}.Release|Any CPU.ActiveCfg = Release|Any CPU
		{8689B4B2-4488-820E-B636-FBAA1BDC7630}.Release|Any CPU.Build.0 = Release|Any CPU
	EndGlobalSection
	GlobalSection(SolutionProperties) = preSolution
		HideSolutionNode = FALSE
	EndGlobalSection
EndGlobal
